
Microsoft Visual Studio Solution File, Format Version 12.00
# Visual Studio 14
VisualStudioVersion = 14.0.23107.0
MinimumVisualStudioVersion = 10.0.40219.1
Project("{FAE04EC0-301F-11D3-BF4B-00C04F79EFBC}") = "AccesConcurrents", "AccesConcurrents\AccesConcurrents.csproj", "{5195FC7B-8B9D-4ACE-A038-31BFC5B2D0CA}"
EndProject
Project("{FAE04EC0-301F-11D3-BF4B-00C04F79EFBC}") = "TestUnitAccesConcurrents", "TestUnitAccesConcurrents\TestUnitAccesConcurrents.csproj", "{E0C25FCC-BADA-4833-9F72-488FE6358BDE}"
EndProject
Project("{FAE04EC0-301F-11D3-BF4B-00C04F79EFBC}") = "WPFClient", "..\..\..\..\Downloads\WPFClient\WPFClient\WPFClient.csproj", "{8A3822D2-71BB-488C-BBFA-C9C75E77F668}"
EndProject
Global
	GlobalSection(SolutionConfigurationPlatforms) = preSolution
		Debug|Any CPU = Debug|Any CPU
		Release|Any CPU = Release|Any CPU
	EndGlobalSection
	GlobalSection(ProjectConfigurationPlatforms) = postSolution
		{5195FC7B-8B9D-4ACE-A038-31BFC5B2D0CA}.Debug|Any CPU.ActiveCfg = Debug|Any CPU
		{5195FC7B-8B9D-4ACE-A038-31BFC5B2D0CA}.Debug|Any CPU.Build.0 = Debug|Any CPU
		{5195FC7B-8B9D-4ACE-A038-31BFC5B2D0CA}.Release|Any CPU.ActiveCfg = Release|Any CPU
		{5195FC7B-8B9D-4ACE-A038-31BFC5B2D0CA}.Release|Any CPU.Build.0 = Release|Any CPU
		{E0C25FCC-BADA-4833-9F72-488FE6358BDE}.Debug|Any CPU.ActiveCfg = Debug|Any CPU
		{E0C25FCC-BADA-4833-9F72-488FE6358BDE}.Debug|Any CPU.Build.0 = Debug|Any CPU
		{E0C25FCC-BADA-4833-9F72-488FE6358BDE}.Release|Any CPU.ActiveCfg = Release|Any CPU
		{E0C25FCC-BADA-4833-9F72-488FE6358BDE}.Release|Any CPU.Build.0 = Release|Any CPU
		{8A3822D2-71BB-488C-BBFA-C9C75E77F668}.Debug|Any CPU.ActiveCfg = Debug|Any CPU
		{8A3822D2-71BB-488C-BBFA-C9C75E77F668}.Debug|Any CPU.Build.0 = Debug|Any CPU
		{8A3822D2-71BB-488C-BBFA-C9C75E77F668}.Release|Any CPU.ActiveCfg = Release|Any CPU
		{8A3822D2-71BB-488C-BBFA-C9C75E77F668}.Release|Any CPU.Build.0 = Release|Any CPU
	EndGlobalSection
	GlobalSection(SolutionProperties) = preSolution
		HideSolutionNode = FALSE
	EndGlobalSection
EndGlobal
